
Microsoft Visual Studio Solution File, Format Version 12.00
# Visual Studio Version 17
VisualStudioVersion = 17.5.33516.290
MinimumVisualStudioVersion = 10.0.40219.1
Project("{9A19103F-16F7-4668-BE54-9A1E7A4F7556}") = "ConsoleAppOpenAI", "ConsoleAppOpenAI\ConsoleAppOpenAI.csproj", "{E0AD9632-2879-41EA-8710-1BAAD6DB7EAD}"
EndProject
Project("{2150E333-8FDC-42A3-9474-1A3956D46DE8}") = "Solution Items", "Solution Items", "{390669B2-C864-45FF-99D2-FBD41EEAA53C}"
	ProjectSection(SolutionItems) = preProject
		.gitignore = .gitignore
		..\README.md = ..\README.md
	EndProjectSection
EndProject
Global
	GlobalSection(SolutionConfigurationPlatforms) = preSolution
		Debug|Any CPU = Debug|Any CPU
		Release|Any CPU = Release|Any CPU
	EndGlobalSection
	GlobalSection(ProjectConfigurationPlatforms) = postSolution
		{E0AD9632-2879-41EA-8710-1BAAD6DB7EAD}.Debug|Any CPU.ActiveCfg = Debug|Any CPU
		{E0AD9632-2879-41EA-8710-1BAAD6DB7EAD}.Debug|Any CPU.Build.0 = Debug|Any CPU
		{E0AD9632-2879-41EA-8710-1BAAD6DB7EAD}.Release|Any CPU.ActiveCfg = Release|Any CPU
		{E0AD9632-2879-41EA-8710-1BAAD6DB7EAD}.Release|Any CPU.Build.0 = Release|Any CPU
	EndGlobalSection
	GlobalSection(SolutionProperties) = preSolution
		HideSolutionNode = FALSE
	EndGlobalSection
	GlobalSection(ExtensibilityGlobals) = postSolution
		SolutionGuid = {6452A7C6-C18C-40B3-A805-4280E5CBD067}
	EndGlobalSection
EndGlobal
